
Microsoft Visual Studio Solution File, Format Version 12.00
# Visual Studio Version 16
VisualStudioVersion = 16.0.30611.23
MinimumVisualStudioVersion = 10.0.40219.1
Project("{FAE04EC0-301F-11D3-BF4B-00C04F79EFBC}") = "GameUserInterface", "..\..\..\..\Documents\לימודים\שנה ב\סמסטר ב\#C תכנות מונחה עצמים בסביבת דוט-נט ושפת\עבודות בית\DN_MTA_2020B_Ex05\הגשה\B20 Ex05 EdenBinyamin 311606628 YairDana 305789596\GameUserInterface\GameUserInterface.csproj", "{B2FD813E-F6EB-4F83-B2D6-FDC88230FB89}"
EndProject
Project("{FAE04EC0-301F-11D3-BF4B-00C04F79EFBC}") = "GameLogic", "..\..\..\..\Documents\לימודים\שנה ב\סמסטר ב\#C תכנות מונחה עצמים בסביבת דוט-נט ושפת\עבודות בית\DN_MTA_2020B_Ex05\הגשה\B20 Ex05 EdenBinyamin 311606628 YairDana 305789596\GameLogic\GameLogic.csproj", "{DE72CEDB-BB82-4995-A909-C3BAD98E1BDB}"
EndProject
Global
	GlobalSection(SolutionConfigurationPlatforms) = preSolution
		Debug|Any CPU = Debug|Any CPU
		Release|Any CPU = Release|Any CPU
	EndGlobalSection
	GlobalSection(ProjectConfigurationPlatforms) = postSolution
		{B2FD813E-F6EB-4F83-B2D6-FDC88230FB89}.Debug|Any CPU.ActiveCfg = Debug|Any CPU
		{B2FD813E-F6EB-4F83-B2D6-FDC88230FB89}.Debug|Any CPU.Build.0 = Debug|Any CPU
		{B2FD813E-F6EB-4F83-B2D6-FDC88230FB89}.Release|Any CPU.ActiveCfg = Release|Any CPU
		{B2FD813E-F6EB-4F83-B2D6-FDC88230FB89}.Release|Any CPU.Build.0 = Release|Any CPU
		{DE72CEDB-BB82-4995-A909-C3BAD98E1BDB}.Debug|Any CPU.ActiveCfg = Debug|Any CPU
		{DE72CEDB-BB82-4995-A909-C3BAD98E1BDB}.Debug|Any CPU.Build.0 = Debug|Any CPU
		{DE72CEDB-BB82-4995-A909-C3BAD98E1BDB}.Release|Any CPU.ActiveCfg = Release|Any CPU
		{DE72CEDB-BB82-4995-A909-C3BAD98E1BDB}.Release|Any CPU.Build.0 = Release|Any CPU
	EndGlobalSection
	GlobalSection(SolutionProperties) = preSolution
		HideSolutionNode = FALSE
	EndGlobalSection
	GlobalSection(ExtensibilityGlobals) = postSolution
		SolutionGuid = {8F3FD1C1-D962-4B82-866C-8D0E9ACE2934}
	EndGlobalSection
EndGlobal
